Microsoft Visual Studio Solution File, Format Version 12.00
Project("{7C7E9B6C-FB3E-46D0-8C7B-541EC6F3A458}") = "NeosNonPersistentInspectors", "NeosNonPersistentInspectors\NeosNonPersistentInspectors.csproj", "{7C7E9B6C-FB3E-46D0-8C7B-541EC6F3A458}"
EndProject
Global
	GlobalSection(SolutionConfigurationPlatforms) = preSolution
		Debug|Any CPU = Debug|Any CPU
		Release|Any CPU = Release|Any CPU
	EndGlobalSection
	GlobalSection(ProjectConfigurationPlatforms) = postSolution
		{7C7E9B6C-FB3E-46D0-8C7B-541EC6F3A458}.Debug|Any CPU.ActiveCfg = Debug|Any CPU
		{7C7E9B6C-FB3E-46D0-8C7B-541EC6F3A458}.Debug|Any CPU.Build.0 = Debug|Any CPU
		{7C7E9B6C-FB3E-46D0-8C7B-541EC6F3A458}.Release|Any CPU.ActiveCfg = Release|Any CPU
		{7C7E9B6C-FB3E-46D0-8C7B-541EC6F3A458}.Release|Any CPU.Build.0 = Release|Any CPU
	EndGlobalSection
	GlobalSection(SolutionProperties) = preSolution
		HideSolutionNode = FALSE
	EndGlobalSection
	GlobalSection(ExtensibilityGlobals) = postSolution
		SolutionGuid = {7C7E9B6C-FB3E-46D0-8C7B-541EC6F3A458}
	EndGlobalSection
EndGlobal
